
Microsoft Visual Studio Solution File, Format Version 12.00
# Visual Studio 15
Project("{FAE04EC0-301F-11D3-BF4B-00C04F79EFBC}") = "UnityEngine.UI", "UnityEngine.UI.csproj", "{2B0EF369-A0E7-81E7-A478-61A7968A2176}"
EndProject
Project("{FAE04EC0-301F-11D3-BF4B-00C04F79EFBC}") = "Unity.ProBuilder", "Unity.ProBuilder.csproj", "{2FC0BE79-8859-7428-9A5E-BAD2C1A4E428}"
EndProject
Project("{FAE04EC0-301F-11D3-BF4B-00C04F79EFBC}") = "UnityEngine.TestRunner", "UnityEngine.TestRunner.csproj", "{253E5E0B-8006-6F47-3F18-175BA49B10D8}"
EndProject
Project("{FAE04EC0-301F-11D3-BF4B-00C04F79EFBC}") = "Assembly-CSharp", "Assembly-CSharp.csproj", "{466F30BF-34FD-671C-9B5A-85500BED5797}"
EndProject
Project("{FAE04EC0-301F-11D3-BF4B-00C04F79EFBC}") = "PhotonUnityNetworking.Utilities", "PhotonUnityNetworking.Utilities.csproj", "{8DB1658F-CAF0-57DC-2354-3B8DF228A60E}"
EndProject
Project("{FAE04EC0-301F-11D3-BF4B-00C04F79EFBC}") = "Unity.TextMeshPro", "Unity.TextMeshPro.csproj", "{03CE94B1-2E71-E727-6621-98B8C571F25C}"
EndProject
Project("{FAE04EC0-301F-11D3-BF4B-00C04F79EFBC}") = "Unity.Timeline", "Unity.Timeline.csproj", "{6CE4230E-9FF0-0676-29A7-38400B297BC7}"
EndProject
Project("{FAE04EC0-301F-11D3-BF4B-00C04F79EFBC}") = "PhotonChat", "PhotonChat.csproj", "{88B57C96-FC6F-F4D0-348B-770F068DDE07}"
EndProject
Project("{FAE04EC0-301F-11D3-BF4B-00C04F79EFBC}") = "Unity.ProBuilder.Poly2Tri", "Unity.ProBuilder.Poly2Tri.csproj", "{CFAD2D8F-73A6-7165-ACCE-6B911046DDCC}"
EndProject
Project("{FAE04EC0-301F-11D3-BF4B-00C04F79EFBC}") = "PhotonUnityNetworking", "PhotonUnityNetworking.csproj", "{32A76E33-A0E8-AC05-1F0D-C0979780ED96}"
EndProject
Project("{FAE04EC0-301F-11D3-BF4B-00C04F79EFBC}") = "PhotonRealtime", "PhotonRealtime.csproj", "{38F85CBC-625D-7EBC-B82F-125F07F6B824}"
EndProject
Project("{FAE04EC0-301F-11D3-BF4B-00C04F79EFBC}") = "Unity.ProBuilder.KdTree", "Unity.ProBuilder.KdTree.csproj", "{633BE198-CFE2-2A33-B890-707BEA2D60D0}"
EndProject
Project("{FAE04EC0-301F-11D3-BF4B-00C04F79EFBC}") = "Unity.ProBuilder.Csg", "Unity.ProBuilder.Csg.csproj", "{4109132A-B33D-74A4-B8DB-7661989FE5BC}"
EndProject
Project("{FAE04EC0-301F-11D3-BF4B-00C04F79EFBC}") = "Unity.ProBuilder.Stl", "Unity.ProBuilder.Stl.csproj", "{91E801BF-A386-AD8B-E606-0D4FC192DAE0}"
EndProject
Project("{FAE04EC0-301F-11D3-BF4B-00C04F79EFBC}") = "UnityEditor.TestRunner", "UnityEditor.TestRunner.csproj", "{011806A9-D793-E0C4-5152-ED779D2B1482}"
EndProject
Project("{FAE04EC0-301F-11D3-BF4B-00C04F79EFBC}") = "Unity.ProBuilder.Editor", "Unity.ProBuilder.Editor.csproj", "{81A7974B-76E8-D19F-59BC-D6170FBDB5F9}"
EndProject
Project("{FAE04EC0-301F-11D3-BF4B-00C04F79EFBC}") = "Unity.TextMeshPro.Editor", "Unity.TextMeshPro.Editor.csproj", "{48850C66-B66B-101C-9265-299816F36E61}"
EndProject
Project("{FAE04EC0-301F-11D3-BF4B-00C04F79EFBC}") = "Unity.Timeline.Editor", "Unity.Timeline.Editor.csproj", "{BA5643F7-1284-45F9-3C18-58419EECD9C9}"
EndProject
Project("{FAE04EC0-301F-11D3-BF4B-00C04F79EFBC}") = "Unity.Settings.Editor", "Unity.Settings.Editor.csproj", "{611D7135-31EF-193E-8B27-D980E773787A}"
EndProject
Project("{FAE04EC0-301F-11D3-BF4B-00C04F79EFBC}") = "UnityEditor.UI", "UnityEditor.UI.csproj", "{38E85BE5-79EC-4F1A-183E-663AF344BE9E}"
EndProject
Project("{FAE04EC0-301F-11D3-BF4B-00C04F79EFBC}") = "Unity.Rider.Editor", "Unity.Rider.Editor.csproj", "{226769ED-FBBB-0EAC-8E10-7286A4070DCD}"
EndProject
Project("{FAE04EC0-301F-11D3-BF4B-00C04F79EFBC}") = "Assembly-CSharp-Editor", "Assembly-CSharp-Editor.csproj", "{E58A59B9-7A9E-6490-835C-B7242CCD3685}"
EndProject
Project("{FAE04EC0-301F-11D3-BF4B-00C04F79EFBC}") = "Unity.CollabProxy.Editor", "Unity.CollabProxy.Editor.csproj", "{BC21CAD7-618A-BFF2-307D-A7638A268BBC}"
EndProject
Project("{FAE04EC0-301F-11D3-BF4B-00C04F79EFBC}") = "PhotonUnityNetworking.Editor", "PhotonUnityNetworking.Editor.csproj", "{414C409D-8991-6E61-F935-93FDF3E9EDB6}"
EndProject
Project("{FAE04EC0-301F-11D3-BF4B-00C04F79EFBC}") = "Unity.ProBuilder.AssetIdRemapUtility", "Unity.ProBuilder.AssetIdRemapUtility.csproj", "{681208A0-A519-6136-F695-D71ACD3CCA99}"
EndProject
Project("{FAE04EC0-301F-11D3-BF4B-00C04F79EFBC}") = "Unity.VSCode.Editor", "Unity.VSCode.Editor.csproj", "{DBAA27EF-C648-9659-0203-D5BD99AB5FE6}"
EndProject
Project("{FAE04EC0-301F-11D3-BF4B-00C04F79EFBC}") = "PhotonUnityNetworking.Utilities.PhotonPlayer.Editor", "PhotonUnityNetworking.Utilities.PhotonPlayer.Editor.csproj", "{D8310C9B-1778-E743-0F91-9CCE66A9DAE3}"
EndProject
Project("{FAE04EC0-301F-11D3-BF4B-00C04F79EFBC}") = "PhotonUnityNetworking.Utilities.Culling.Editor", "PhotonUnityNetworking.Utilities.Culling.Editor.csproj", "{8B31590F-8046-1EA4-F96A-FC78C8A08C94}"
EndProject
Project("{FAE04EC0-301F-11D3-BF4B-00C04F79EFBC}") = "Unity.ProBuilder.AddOns.Editor", "Unity.ProBuilder.AddOns.Editor.csproj", "{6A1D0389-A813-4038-C710-FEF4B25763CD}"
EndProject
Project("{FAE04EC0-301F-11D3-BF4B-00C04F79EFBC}") = "Assembly-CSharp.Player", "Assembly-CSharp.Player.csproj", "{6066E543-6188-A440-E372-875A7F02E00F}"
EndProject
Project("{FAE04EC0-301F-11D3-BF4B-00C04F79EFBC}") = "PhotonUnityNetworking.Utilities.Player", "PhotonUnityNetworking.Utilities.Player.csproj", "{E6E38A09-D80C-8278-2AEB-21FE7F983DD9}"
EndProject
Project("{FAE04EC0-301F-11D3-BF4B-00C04F79EFBC}") = "PhotonChat.Player", "PhotonChat.Player.csproj", "{4A0C0574-67DD-E09A-11C3-F345C7C14EBF}"
EndProject
Project("{FAE04EC0-301F-11D3-BF4B-00C04F79EFBC}") = "PhotonUnityNetworking.Player", "PhotonUnityNetworking.Player.csproj", "{33FD0B2D-16BC-563C-D6AC-FA39E1D9A36D}"
EndProject
Project("{FAE04EC0-301F-11D3-BF4B-00C04F79EFBC}") = "PhotonRealtime.Player", "PhotonRealtime.Player.csproj", "{BE07524E-453B-E700-417F-3BF1EB6383AC}"
EndProject
Global
	GlobalSection(SolutionConfigurationPlatforms) = preSolution
		Debug|Any CPU = Debug|Any CPU
		Release|Any CPU = Release|Any CPU
	EndGlobalSection
	GlobalSection(ProjectConfigurationPlatforms) = postSolution
		{2B0EF369-A0E7-81E7-A478-61A7968A2176}.Debug|Any CPU.ActiveCfg = Debug|Any CPU
		{2B0EF369-A0E7-81E7-A478-61A7968A2176}.Debug|Any CPU.Build.0 = Debug|Any CPU
		{2B0EF369-A0E7-81E7-A478-61A7968A2176}.Release|Any CPU.ActiveCfg = Release|Any CPU
		{2B0EF369-A0E7-81E7-A478-61A7968A2176}.Release|Any CPU.Build.0 = Release|Any CPU
		{2FC0BE79-8859-7428-9A5E-BAD2C1A4E428}.Debug|Any CPU.ActiveCfg = Debug|Any CPU
		{2FC0BE79-8859-7428-9A5E-BAD2C1A4E428}.Debug|Any CPU.Build.0 = Debug|Any CPU
		{2FC0BE79-8859-7428-9A5E-BAD2C1A4E428}.Release|Any CPU.ActiveCfg = Release|Any CPU
		{2FC0BE79-8859-7428-9A5E-BAD2C1A4E428}.Release|Any CPU.Build.0 = Release|Any CPU
		{253E5E0B-8006-6F47-3F18-175BA49B10D8}.Debug|Any CPU.ActiveCfg = Debug|Any CPU
		{253E5E0B-8006-6F47-3F18-175BA49B10D8}.Debug|Any CPU.Build.0 = Debug|Any CPU
		{253E5E0B-8006-6F47-3F18-175BA49B10D8}.Release|Any CPU.ActiveCfg = Release|Any CPU
		{253E5E0B-8006-6F47-3F18-175BA49B10D8}.Release|Any CPU.Build.0 = Release|Any CPU
		{466F30BF-34FD-671C-9B5A-85500BED5797}.Debug|Any CPU.ActiveCfg = Debug|Any CPU
		{466F30BF-34FD-671C-9B5A-85500BED5797}.Debug|Any CPU.Build.0 = Debug|Any CPU
		{466F30BF-34FD-671C-9B5A-85500BED5797}.Release|Any CPU.ActiveCfg = Release|Any CPU
		{466F30BF-34FD-671C-9B5A-85500BED5797}.Release|Any CPU.Build.0 = Release|Any CPU
		{8DB1658F-CAF0-57DC-2354-3B8DF228A60E}.Debug|Any CPU.ActiveCfg = Debug|Any CPU
		{8DB1658F-CAF0-57DC-2354-3B8DF228A60E}.Debug|Any CPU.Build.0 = Debug|Any CPU
		{8DB1658F-CAF0-57DC-2354-3B8DF228A60E}.Release|Any CPU.ActiveCfg = Release|Any CPU
		{8DB1658F-CAF0-57DC-2354-3B8DF228A60E}.Release|Any CPU.Build.0 = Release|Any CPU
		{03CE94B1-2E71-E727-6621-98B8C571F25C}.Debug|Any CPU.ActiveCfg = Debug|Any CPU
		{03CE94B1-2E71-E727-6621-98B8C571F25C}.Debug|Any CPU.Build.0 = Debug|Any CPU
		{03CE94B1-2E71-E727-6621-98B8C571F25C}.Release|Any CPU.ActiveCfg = Release|Any CPU
		{03CE94B1-2E71-E727-6621-98B8C571F25C}.Release|Any CPU.Build.0 = Release|Any CPU
		{6CE4230E-9FF0-0676-29A7-38400B297BC7}.Debug|Any CPU.ActiveCfg = Debug|Any CPU
		{6CE4230E-9FF0-0676-29A7-38400B297BC7}.Debug|Any CPU.Build.0 = Debug|Any CPU
		{6CE4230E-9FF0-0676-29A7-38400B297BC7}.Release|Any CPU.ActiveCfg = Release|Any CPU
		{6CE4230E-9FF0-0676-29A7-38400B297BC7}.Release|Any CPU.Build.0 = Release|Any CPU
		{88B57C96-FC6F-F4D0-348B-770F068DDE07}.Debug|Any CPU.ActiveCfg = Debug|Any CPU
		{88B57C96-FC6F-F4D0-348B-770F068DDE07}.Debug|Any CPU.Build.0 = Debug|Any CPU
		{88B57C96-FC6F-F4D0-348B-770F068DDE07}.Release|Any CPU.ActiveCfg = Release|Any CPU
		{88B57C96-FC6F-F4D0-348B-770F068DDE07}.Release|Any CPU.Build.0 = Release|Any CPU
		{CFAD2D8F-73A6-7165-ACCE-6B911046DDCC}.Debug|Any CPU.ActiveCfg = Debug|Any CPU
		{CFAD2D8F-73A6-7165-ACCE-6B911046DDCC}.Debug|Any CPU.Build.0 = Debug|Any CPU
		{CFAD2D8F-73A6-7165-ACCE-6B911046DDCC}.Release|Any CPU.ActiveCfg = Release|Any CPU
		{CFAD2D8F-73A6-7165-ACCE-6B911046DDCC}.Release|Any CPU.Build.0 = Release|Any CPU
		{32A76E33-A0E8-AC05-1F0D-C0979780ED96}.Debug|Any CPU.ActiveCfg = Debug|Any CPU
		{32A76E33-A0E8-AC05-1F0D-C0979780ED96}.Debug|Any CPU.Build.0 = Debug|Any CPU
		{32A76E33-A0E8-AC05-1F0D-C0979780ED96}.Release|Any CPU.ActiveCfg = Release|Any CPU
		{32A76E33-A0E8-AC05-1F0D-C0979780ED96}.Release|Any CPU.Build.0 = Release|Any CPU
		{38F85CBC-625D-7EBC-B82F-125F07F6B824}.Debug|Any CPU.ActiveCfg = Debug|Any CPU
		{38F85CBC-625D-7EBC-B82F-125F07F6B824}.Debug|Any CPU.Build.0 = Debug|Any CPU
		{38F85CBC-625D-7EBC-B82F-125F07F6B824}.Release|Any CPU.ActiveCfg = Release|Any CPU
		{38F85CBC-625D-7EBC-B82F-125F07F6B824}.Release|Any CPU.Build.0 = Release|Any CPU
		{633BE198-CFE2-2A33-B890-707BEA2D60D0}.Debug|Any CPU.ActiveCfg = Debug|Any CPU
		{633BE198-CFE2-2A33-B890-707BEA2D60D0}.Debug|Any CPU.Build.0 = Debug|Any CPU
		{633BE198-CFE2-2A33-B890-707BEA2D60D0}.Release|Any CPU.ActiveCfg = Release|Any CPU
		{633BE198-CFE2-2A33-B890-707BEA2D60D0}.Release|Any CPU.Build.0 = Release|Any CPU
		{4109132A-B33D-74A4-B8DB-7661989FE5BC}.Debug|Any CPU.ActiveCfg = Debug|Any CPU
		{4109132A-B33D-74A4-B8DB-7661989FE5BC}.Debug|Any CPU.Build.0 = Debug|Any CPU
		{4109132A-B33D-74A4-B8DB-7661989FE5BC}.Release|Any CPU.ActiveCfg = Release|Any CPU
		{4109132A-B33D-74A4-B8DB-7661989FE5BC}.Release|Any CPU.Build.0 = Release|Any CPU
		{91E801BF-A386-AD8B-E606-0D4FC192DAE0}.Debug|Any CPU.ActiveCfg = Debug|Any CPU
		{91E801BF-A386-AD8B-E606-0D4FC192DAE0}.Debug|Any CPU.Build.0 = Debug|Any CPU
		{91E801BF-A386-AD8B-E606-0D4FC192DAE0}.Release|Any CPU.ActiveCfg = Release|Any CPU
		{91E801BF-A386-AD8B-E606-0D4FC192DAE0}.Release|Any CPU.Build.0 = Release|Any CPU
		{011806A9-D793-E0C4-5152-ED779D2B1482}.Debug|Any CPU.ActiveCfg = Debug|Any CPU
		{011806A9-D793-E0C4-5152-ED779D2B1482}.Debug|Any CPU.Build.0 = Debug|Any CPU
		{011806A9-D793-E0C4-5152-ED779D2B1482}.Release|Any CPU.ActiveCfg = Release|Any CPU
		{011806A9-D793-E0C4-5152-ED779D2B1482}.Release|Any CPU.Build.0 = Release|Any CPU
		{81A7974B-76E8-D19F-59BC-D6170FBDB5F9}.Debug|Any CPU.ActiveCfg = Debug|Any CPU
		{81A7974B-76E8-D19F-59BC-D6170FBDB5F9}.Debug|Any CPU.Build.0 = Debug|Any CPU
		{81A7974B-76E8-D19F-59BC-D6170FBDB5F9}.Release|Any CPU.ActiveCfg = Release|Any CPU
		{81A7974B-76E8-D19F-59BC-D6170FBDB5F9}.Release|Any CPU.Build.0 = Release|Any CPU
		{48850C66-B66B-101C-9265-299816F36E61}.Debug|Any CPU.ActiveCfg = Debug|Any CPU
		{48850C66-B66B-101C-9265-299816F36E61}.Debug|Any CPU.Build.0 = Debug|Any CPU
		{48850C66-B66B-101C-9265-299816F36E61}.Release|Any CPU.ActiveCfg = Release|Any CPU
		{48850C66-B66B-101C-9265-299816F36E61}.Release|Any CPU.Build.0 = Release|Any CPU
		{BA5643F7-1284-45F9-3C18-58419EECD9C9}.Debug|Any CPU.ActiveCfg = Debug|Any CPU
		{BA5643F7-1284-45F9-3C18-58419EECD9C9}.Debug|Any CPU.Build.0 = Debug|Any CPU
		{BA5643F7-1284-45F9-3C18-58419EECD9C9}.Release|Any CPU.ActiveCfg = Release|Any CPU
		{BA5643F7-1284-45F9-3C18-58419EECD9C9}.Release|Any CPU.Build.0 = Release|Any CPU
		{611D7135-31EF-193E-8B27-D980E773787A}.Debug|Any CPU.ActiveCfg = Debug|Any CPU
		{611D7135-31EF-193E-8B27-D980E773787A}.Debug|Any CPU.Build.0 = Debug|Any CPU
		{611D7135-31EF-193E-8B27-D980E773787A}.Release|Any CPU.ActiveCfg = Release|Any CPU
		{611D7135-31EF-193E-8B27-D980E773787A}.Release|Any CPU.Build.0 = Release|Any CPU
		{38E85BE5-79EC-4F1A-183E-663AF344BE9E}.Debug|Any CPU.ActiveCfg = Debug|Any CPU
		{38E85BE5-79EC-4F1A-183E-663AF344BE9E}.Debug|Any CPU.Build.0 = Debug|Any CPU
		{38E85BE5-79EC-4F1A-183E-663AF344BE9E}.Release|Any CPU.ActiveCfg = Release|Any CPU
		{38E85BE5-79EC-4F1A-183E-663AF344BE9E}.Release|Any CPU.Build.0 = Release|Any CPU
		{226769ED-FBBB-0EAC-8E10-7286A4070DCD}.Debug|Any CPU.ActiveCfg = Debug|Any CPU
		{226769ED-FBBB-0EAC-8E10-7286A4070DCD}.Debug|Any CPU.Build.0 = Debug|Any CPU
		{226769ED-FBBB-0EAC-8E10-7286A4070DCD}.Release|Any CPU.ActiveCfg = Release|Any CPU
		{226769ED-FBBB-0EAC-8E10-7286A4070DCD}.Release|Any CPU.Build.0 = Release|Any CPU
		{E58A59B9-7A9E-6490-835C-B7242CCD3685}.Debug|Any CPU.ActiveCfg = Debug|Any CPU
		{E58A59B9-7A9E-6490-835C-B7242CCD3685}.Debug|Any CPU.Build.0 = Debug|Any CPU
		{E58A59B9-7A9E-6490-835C-B7242CCD3685}.Release|Any CPU.ActiveCfg = Release|Any CPU
		{E58A59B9-7A9E-6490-835C-B7242CCD3685}.Release|Any CPU.Build.0 = Release|Any CPU
		{BC21CAD7-618A-BFF2-307D-A7638A268BBC}.Debug|Any CPU.ActiveCfg = Debug|Any CPU
		{BC21CAD7-618A-BFF2-307D-A7638A268BBC}.Debug|Any CPU.Build.0 = Debug|Any CPU
		{BC21CAD7-618A-BFF2-307D-A7638A268BBC}.Release|Any CPU.ActiveCfg = Release|Any CPU
		{BC21CAD7-618A-BFF2-307D-A7638A268BBC}.Release|Any CPU.Build.0 = Release|Any CPU
		{414C409D-8991-6E61-F935-93FDF3E9EDB6}.Debug|Any CPU.ActiveCfg = Debug|Any CPU
		{414C409D-8991-6E61-F935-93FDF3E9EDB6}.Debug|Any CPU.Build.0 = Debug|Any CPU
		{414C409D-8991-6E61-F935-93FDF3E9EDB6}.Release|Any CPU.ActiveCfg = Release|Any CPU
		{414C409D-8991-6E61-F935-93FDF3E9EDB6}.Release|Any CPU.Build.0 = Release|Any CPU
		{681208A0-A519-6136-F695-D71ACD3CCA99}.Debug|Any CPU.ActiveCfg = Debug|Any CPU
		{681208A0-A519-6136-F695-D71ACD3CCA99}.Debug|Any CPU.Build.0 = Debug|Any CPU
		{681208A0-A519-6136-F695-D71ACD3CCA99}.Release|Any CPU.ActiveCfg = Release|Any CPU
		{681208A0-A519-6136-F695-D71ACD3CCA99}.Release|Any CPU.Build.0 = Release|Any CPU
		{DBAA27EF-C648-9659-0203-D5BD99AB5FE6}.Debug|Any CPU.ActiveCfg = Debug|Any CPU
		{DBAA27EF-C648-9659-0203-D5BD99AB5FE6}.Debug|Any CPU.Build.0 = Debug|Any CPU
		{DBAA27EF-C648-9659-0203-D5BD99AB5FE6}.Release|Any CPU.ActiveCfg = Release|Any CPU
		{DBAA27EF-C648-9659-0203-D5BD99AB5FE6}.Release|Any CPU.Build.0 = Release|Any CPU
		{D8310C9B-1778-E743-0F91-9CCE66A9DAE3}.Debug|Any CPU.ActiveCfg = Debug|Any CPU
		{D8310C9B-1778-E743-0F91-9CCE66A9DAE3}.Debug|Any CPU.Build.0 = Debug|Any CPU
		{D8310C9B-1778-E743-0F91-9CCE66A9DAE3}.Release|Any CPU.ActiveCfg = Release|Any CPU
		{D8310C9B-1778-E743-0F91-9CCE66A9DAE3}.Release|Any CPU.Build.0 = Release|Any CPU
		{8B31590F-8046-1EA4-F96A-FC78C8A08C94}.Debug|Any CPU.ActiveCfg = Debug|Any CPU
		{8B31590F-8046-1EA4-F96A-FC78C8A08C94}.Debug|Any CPU.Build.0 = Debug|Any CPU
		{8B31590F-8046-1EA4-F96A-FC78C8A08C94}.Release|Any CPU.ActiveCfg = Release|Any CPU
		{8B31590F-8046-1EA4-F96A-FC78C8A08C94}.Release|Any CPU.Build.0 = Release|Any CPU
		{6A1D0389-A813-4038-C710-FEF4B25763CD}.Debug|Any CPU.ActiveCfg = Debug|Any CPU
		{6A1D0389-A813-4038-C710-FEF4B25763CD}.Debug|Any CPU.Build.0 = Debug|Any CPU
		{6A1D0389-A813-4038-C710-FEF4B25763CD}.Release|Any CPU.ActiveCfg = Release|Any CPU
		{6A1D0389-A813-4038-C710-FEF4B25763CD}.Release|Any CPU.Build.0 = Release|Any CPU
		{6066E543-6188-A440-E372-875A7F02E00F}.Debug|Any CPU.ActiveCfg = Debug|Any CPU
		{6066E543-6188-A440-E372-875A7F02E00F}.Debug|Any CPU.Build.0 = Debug|Any CPU
		{6066E543-6188-A440-E372-875A7F02E00F}.Release|Any CPU.ActiveCfg = Release|Any CPU
		{6066E543-6188-A440-E372-875A7F02E00F}.Release|Any CPU.Build.0 = Release|Any CPU
		{E6E38A09-D80C-8278-2AEB-21FE7F983DD9}.Debug|Any CPU.ActiveCfg = Debug|Any CPU
		{E6E38A09-D80C-8278-2AEB-21FE7F983DD9}.Debug|Any CPU.Build.0 = Debug|Any CPU
		{E6E38A09-D80C-8278-2AEB-21FE7F983DD9}.Release|Any CPU.ActiveCfg = Release|Any CPU
		{E6E38A09-D80C-8278-2AEB-21FE7F983DD9}.Release|Any CPU.Build.0 = Release|Any CPU
		{4A0C0574-67DD-E09A-11C3-F345C7C14EBF}.Debug|Any CPU.ActiveCfg = Debug|Any CPU
		{4A0C0574-67DD-E09A-11C3-F345C7C14EBF}.Debug|Any CPU.Build.0 = Debug|Any CPU
		{4A0C0574-67DD-E09A-11C3-F345C7C14EBF}.Release|Any CPU.ActiveCfg = Release|Any CPU
		{4A0C0574-67DD-E09A-11C3-F345C7C14EBF}.Release|Any CPU.Build.0 = Release|Any CPU
		{33FD0B2D-16BC-563C-D6AC-FA39E1D9A36D}.Debug|Any CPU.ActiveCfg = Debug|Any CPU
		{33FD0B2D-16BC-563C-D6AC-FA39E1D9A36D}.Debug|Any CPU.Build.0 = Debug|Any CPU
		{33FD0B2D-16BC-563C-D6AC-FA39E1D9A36D}.Release|Any CPU.ActiveCfg = Release|Any CPU
		{33FD0B2D-16BC-563C-D6AC-FA39E1D9A36D}.Release|Any CPU.Build.0 = Release|Any CPU
		{BE07524E-453B-E700-417F-3BF1EB6383AC}.Debug|Any CPU.ActiveCfg = Debug|Any CPU
		{BE07524E-453B-E700-417F-3BF1EB6383AC}.Debug|Any CPU.Build.0 = Debug|Any CPU
		{BE07524E-453B-E700-417F-3BF1EB6383AC}.Release|Any CPU.ActiveCfg = Release|Any CPU
		{BE07524E-453B-E700-417F-3BF1EB6383AC}.Release|Any CPU.Build.0 = Release|Any CPU
	EndGlobalSection
	GlobalSection(SolutionProperties) = preSolution
		HideSolutionNode = FALSE
	EndGlobalSection
EndGlobal
